
Microsoft Visual Studio Solution File, Format Version 12.00
# Visual Studio Version 17
VisualStudioVersion = 17.3.32811.315
MinimumVisualStudioVersion = 10.0.40219.1
Project("{FAE04EC0-301F-11D3-BF4B-00C04F79EFBC}") = "Assessment2Task2", "Assessment2Task2\Assessment2Task2.csproj", "{1F3E63FF-6111-465C-9548-90DC86B71B61}"
EndProject
Global
	GlobalSection(SolutionConfigurationPlatforms) = preSolution
		Debug|Any CPU = Debug|Any CPU
		Release|Any CPU = Release|Any CPU
	EndGlobalSection
	GlobalSection(ProjectConfigurationPlatforms) = postSolution
		{1F3E63FF-6111-465C-9548-90DC86B71B61}.Debug|Any CPU.ActiveCfg = Debug|Any CPU
		{1F3E63FF-6111-465C-9548-90DC86B71B61}.Debug|Any CPU.Build.0 = Debug|Any CPU
		{1F3E63FF-6111-465C-9548-90DC86B71B61}.Release|Any CPU.ActiveCfg = Release|Any CPU
		{1F3E63FF-6111-465C-9548-90DC86B71B61}.Release|Any CPU.Build.0 = Release|Any CPU
	EndGlobalSection
	GlobalSection(SolutionProperties) = preSolution
		HideSolutionNode = FALSE
	EndGlobalSection
	GlobalSection(ExtensibilityGlobals) = postSolution
		SolutionGuid = {4259C2F5-8306-4111-9AE4-6882C66657ED}
	EndGlobalSection
EndGlobal
